
Microsoft Visual Studio Solution File, Format Version 12.00
# Visual Studio Version 16
VisualStudioVersion = 16.0.29613.14
MinimumVisualStudioVersion = 10.0.40219.1
Project("{2150E333-8FDC-42A3-9474-1A3956D46DE8}") = "src", "src", "{79E30513-0430-44CC-9A8C-B980C5B74A9A}"
EndProject
Project("{9A19103F-16F7-4668-BE54-9A1E7A4F7556}") = "Neiria.Domain", "..\Neiria.Domain\Neiria.Domain.csproj", "{DE832BC2-C1F3-4997-A408-5F6E6700485F}"
EndProject
Project("{9A19103F-16F7-4668-BE54-9A1E7A4F7556}") = "Neiria.Infrastructure", "..\Neiria.Infrastructure\Neiria.Infrastructure.csproj", "{58D19C1B-E1A2-416A-9735-1E1F6A73F5CF}"
EndProject
Project("{9A19103F-16F7-4668-BE54-9A1E7A4F7556}") = "Neiria.Application", "..\Neiria.Application\Neiria.Application.csproj", "{02FD0891-CEFD-4C46-B4C6-8530F43B5C11}"
EndProject
Project("{9A19103F-16F7-4668-BE54-9A1E7A4F7556}") = "Neiria.Api", "Neiria.Api\Neiria.Api.csproj", "{9849BC7B-A5A5-46A6-80A3-D9AD13C2328B}"
EndProject
Project("{2150E333-8FDC-42A3-9474-1A3956D46DE8}") = "tests", "tests", "{F0BE1EE7-B3CA-43C9-8017-5EBF7988D239}"
EndProject
Project("{9A19103F-16F7-4668-BE54-9A1E7A4F7556}") = "Neiria.Tests", "Neiria.Tests\Neiria.Tests.csproj", "{699912C6-5605-4E87-8065-72DB8EDC40E6}"
EndProject
Project("{9A19103F-16F7-4668-BE54-9A1E7A4F7556}") = "Neiria.BlazorApp", "Neiria.BlazorApp\Neiria.BlazorApp.csproj", "{B9731DAD-B4A8-4083-9EE6-3ECBF6FDBF54}"
EndProject
Project("{FAE04EC0-301F-11D3-BF4B-00C04F79EFBC}") = "Neira.Proxy", "Neira.Proxy\Neira.Proxy.csproj", "{6ACA2BB3-7275-4211-8493-55F381243C28}"
EndProject
Global
	GlobalSection(SolutionConfigurationPlatforms) = preSolution
		Debug|Any CPU = Debug|Any CPU
		Release|Any CPU = Release|Any CPU
	EndGlobalSection
	GlobalSection(ProjectConfigurationPlatforms) = postSolution
		{DE832BC2-C1F3-4997-A408-5F6E6700485F}.Debug|Any CPU.ActiveCfg = Debug|Any CPU
		{DE832BC2-C1F3-4997-A408-5F6E6700485F}.Debug|Any CPU.Build.0 = Debug|Any CPU
		{DE832BC2-C1F3-4997-A408-5F6E6700485F}.Release|Any CPU.ActiveCfg = Release|Any CPU
		{DE832BC2-C1F3-4997-A408-5F6E6700485F}.Release|Any CPU.Build.0 = Release|Any CPU
		{58D19C1B-E1A2-416A-9735-1E1F6A73F5CF}.Debug|Any CPU.ActiveCfg = Debug|Any CPU
		{58D19C1B-E1A2-416A-9735-1E1F6A73F5CF}.Debug|Any CPU.Build.0 = Debug|Any CPU
		{58D19C1B-E1A2-416A-9735-1E1F6A73F5CF}.Release|Any CPU.ActiveCfg = Release|Any CPU
		{58D19C1B-E1A2-416A-9735-1E1F6A73F5CF}.Release|Any CPU.Build.0 = Release|Any CPU
		{02FD0891-CEFD-4C46-B4C6-8530F43B5C11}.Debug|Any CPU.ActiveCfg = Debug|Any CPU
		{02FD0891-CEFD-4C46-B4C6-8530F43B5C11}.Debug|Any CPU.Build.0 = Debug|Any CPU
		{02FD0891-CEFD-4C46-B4C6-8530F43B5C11}.Release|Any CPU.ActiveCfg = Release|Any CPU
		{02FD0891-CEFD-4C46-B4C6-8530F43B5C11}.Release|Any CPU.Build.0 = Release|Any CPU
		{9849BC7B-A5A5-46A6-80A3-D9AD13C2328B}.Debug|Any CPU.ActiveCfg = Debug|Any CPU
		{9849BC7B-A5A5-46A6-80A3-D9AD13C2328B}.Debug|Any CPU.Build.0 = Debug|Any CPU
		{9849BC7B-A5A5-46A6-80A3-D9AD13C2328B}.Release|Any CPU.ActiveCfg = Release|Any CPU
		{9849BC7B-A5A5-46A6-80A3-D9AD13C2328B}.Release|Any CPU.Build.0 = Release|Any CPU
		{699912C6-5605-4E87-8065-72DB8EDC40E6}.Debug|Any CPU.ActiveCfg = Debug|Any CPU
		{699912C6-5605-4E87-8065-72DB8EDC40E6}.Debug|Any CPU.Build.0 = Debug|Any CPU
		{699912C6-5605-4E87-8065-72DB8EDC40E6}.Release|Any CPU.ActiveCfg = Release|Any CPU
		{699912C6-5605-4E87-8065-72DB8EDC40E6}.Release|Any CPU.Build.0 = Release|Any CPU
		{B9731DAD-B4A8-4083-9EE6-3ECBF6FDBF54}.Debug|Any CPU.ActiveCfg = Debug|Any CPU
		{B9731DAD-B4A8-4083-9EE6-3ECBF6FDBF54}.Debug|Any CPU.Build.0 = Debug|Any CPU
		{B9731DAD-B4A8-4083-9EE6-3ECBF6FDBF54}.Release|Any CPU.ActiveCfg = Release|Any CPU
		{B9731DAD-B4A8-4083-9EE6-3ECBF6FDBF54}.Release|Any CPU.Build.0 = Release|Any CPU
		{6ACA2BB3-7275-4211-8493-55F381243C28}.Debug|Any CPU.ActiveCfg = Debug|Any CPU
		{6ACA2BB3-7275-4211-8493-55F381243C28}.Debug|Any CPU.Build.0 = Debug|Any CPU
		{6ACA2BB3-7275-4211-8493-55F381243C28}.Release|Any CPU.ActiveCfg = Release|Any CPU
		{6ACA2BB3-7275-4211-8493-55F381243C28}.Release|Any CPU.Build.0 = Release|Any CPU
	EndGlobalSection
	GlobalSection(SolutionProperties) = preSolution
		HideSolutionNode = FALSE
	EndGlobalSection
	GlobalSection(NestedProjects) = preSolution
		{DE832BC2-C1F3-4997-A408-5F6E6700485F} = {79E30513-0430-44CC-9A8C-B980C5B74A9A}
		{58D19C1B-E1A2-416A-9735-1E1F6A73F5CF} = {79E30513-0430-44CC-9A8C-B980C5B74A9A}
		{02FD0891-CEFD-4C46-B4C6-8530F43B5C11} = {79E30513-0430-44CC-9A8C-B980C5B74A9A}
		{699912C6-5605-4E87-8065-72DB8EDC40E6} = {F0BE1EE7-B3CA-43C9-8017-5EBF7988D239}
	EndGlobalSection
	GlobalSection(ExtensibilityGlobals) = postSolution
		SolutionGuid = {003D1689-8BE8-4DD8-9670-37C615149480}
	EndGlobalSection
EndGlobal
